
Microsoft Visual Studio Solution File, Format Version 12.00
# Visual Studio Version 16
VisualStudioVersion = 16.0.31515.178
MinimumVisualStudioVersion = 10.0.40219.1
Project("{FAE04EC0-301F-11D3-BF4B-00C04F79EFBC}") = "Order_API", "Order_API\Order_API.csproj", "{B09A1DBF-BDFA-40FE-B161-4F296256C641}"
EndProject
Global
	GlobalSection(SolutionConfigurationPlatforms) = preSolution
		Debug|Any CPU = Debug|Any CPU
		Release|Any CPU = Release|Any CPU
	EndGlobalSection
	GlobalSection(ProjectConfigurationPlatforms) = postSolution
		{B09A1DBF-BDFA-40FE-B161-4F296256C641}.Debug|Any CPU.ActiveCfg = Debug|Any CPU
		{B09A1DBF-BDFA-40FE-B161-4F296256C641}.Debug|Any CPU.Build.0 = Debug|Any CPU
		{B09A1DBF-BDFA-40FE-B161-4F296256C641}.Release|Any CPU.ActiveCfg = Release|Any CPU
		{B09A1DBF-BDFA-40FE-B161-4F296256C641}.Release|Any CPU.Build.0 = Release|Any CPU
	EndGlobalSection
	GlobalSection(SolutionProperties) = preSolution
		HideSolutionNode = FALSE
	EndGlobalSection
	GlobalSection(ExtensibilityGlobals) = postSolution
		SolutionGuid = {20E2FB43-E3FB-4EAE-94C3-697AE1F815E0}
	EndGlobalSection
EndGlobal
